// !$*UTF8*$!
{
	archiveVersion = 1;
	classes = {
	};
	objectVersion = 50;
	objects = {

/* Begin PBXBuildFile section */
		D6868D4B25F1EB92003EA034 /* AppDelegate.swift in Sources */ = {isa = PBXBuildFile; fileRef = D6868D4A25F1EB92003EA034 /* AppDelegate.swift */; };
		D6868D4D25F1EB92003EA034 /* SceneDelegate.swift in Sources */ = {isa = PBXBuildFile; fileRef = D6868D4C25F1EB92003EA034 /* SceneDelegate.swift */; };
		D6868D4F25F1EB92003EA034 /* ViewController.swift in Sources */ = {isa = PBXBuildFile; fileRef = D6868D4E25F1EB92003EA034 /* ViewController.swift */; };
		D6868D5225F1EB92003EA034 /* Main.storyboard in Resources */ = {isa = PBXBuildFile; fileRef = D6868D5025F1EB92003EA034 /* Main.storyboard */; };
		D6868D5425F1EB93003EA034 /* Assets.xcassets in Resources */ = {isa = PBXBuildFile; fileRef = D6868D5325F1EB93003EA034 /* Assets.xcassets */; };
		D6868D5725F1EB93003EA034 /* LaunchScreen.storyboard in Resources */ = {isa = PBXBuildFile; fileRef = D6868D5525F1EB93003EA034 /* LaunchScreen.storyboard */; };
		D6868D6225F1EB93003EA034 /* API_chuckTests.swift in Sources */ = {isa = PBXBuildFile; fileRef = D6868D6125F1EB93003EA034 /* API_chuckTests.swift */; };
		D6868D6D25F1EB93003EA034 /* API_chuckUITests.swift in Sources */ = {isa = PBXBuildFile; fileRef = D6868D6C25F1EB93003EA034 /* API_chuckUITests.swift */; };
/* End PBXBuildFile section */

/* Begin PBXContainerItemProxy section */
		D6868D5E25F1EB93003EA034 /* PBXContainerItemProxy */ = {
			isa = PBXContainerItemProxy;
			containerPortal = D6868D3F25F1EB92003EA034 /* Project object */;
			proxyType = 1;
			remoteGlobalIDString = D6868D4625F1EB92003EA034;
			remoteInfo = API_chuck;
		};
		D6868D6925F1EB93003EA034 /* PBXContainerItemProxy */ = {
			isa = PBXContainerItemProxy;
			containerPortal = D6868D3F25F1EB92003EA034 /* Project object */;
			proxyType = 1;
			remoteGlobalIDString = D6868D4625F1EB92003EA034;
			remoteInfo = API_chuck;
		};
/* End PBXContainerItemProxy section */

/* Begin PBXFileReference section */
		D6868D4725F1EB92003EA034 /* API_chuck.app */ = {isa = PBXFileReference; explicitFileType = wrapper.application; includeInIndex = 0; path = API_chuck.app; sourceTree = BUILT_PRODUCTS_DIR; };
		D6868D4A25F1EB92003EA034 /* AppDelegate.swift */ = {isa = PBXFileReference; lastKnownFileType = sourcecode.swift; path = AppDelegate.swift; sourceTree = "<group>"; };
		D6868D4C25F1EB92003EA034 /* SceneDelegate.swift */ = {isa = PBXFileReference; lastKnownFileType = sourcecode.swift; path = SceneDelegate.swift; sourceTree = "<group>"; };
		D6868D4E25F1EB92003EA034 /* ViewController.swift */ = {isa = PBXFileReference; lastKnownFileType = sourcecode.swift; path = ViewController.swift; sourceTree = "<group>"; };
		D6868D5125F1EB92003EA034 /* Base */ = {isa = PBXFileReference; lastKnownFileType = file.storyboard; name = Base; path = Base.lproj/Main.storyboard; sourceTree = "<group>"; };
		D6868D5325F1EB93003EA034 /* Assets.xcassets */ = {isa = PBXFileReference; lastKnownFileType = folder.assetcatalog; path = Assets.xcassets; sourceTree = "<group>"; };
		D6868D5625F1EB93003EA034 /* Base */ = {isa = PBXFileReference; lastKnownFileType = file.storyboard; name = Base; path = Base.lproj/LaunchScreen.storyboard; sourceTree = "<group>"; };
		D6868D5825F1EB93003EA034 /* Info.plist */ = {isa = PBXFileReference; lastKnownFileType = text.plist.xml; path = Info.plist; sourceTree = "<group>"; };
		D6868D5D25F1EB93003EA034 /* API_chuckTests.xctest */ = {isa = PBXFileReference; explicitFileType = wrapper.cfbundle; includeInIndex = 0; path = API_chuckTests.xctest; sourceTree = BUILT_PRODUCTS_DIR; };
		D6868D6125F1EB93003EA034 /* API_chuckTests.swift */ = {isa = PBXFileReference; lastKnownFileType = sourcecode.swift; path = API_chuckTests.swift; sourceTree = "<group>"; };
		D6868D6325F1EB93003EA034 /* Info.plist */ = {isa = PBXFileReference; lastKnownFileType = text.plist.xml; path = Info.plist; sourceTree = "<group>"; };
		D6868D6825F1EB93003EA034 /* API_chuckUITests.xctest */ = {isa = PBXFileReference; explicitFileType = wrapper.cfbundle; includeInIndex = 0; path = API_chuckUITests.xctest; sourceTree = BUILT_PRODUCTS_DIR; };
		D6868D6C25F1EB93003EA034 /* API_chuckUITests.swift */ = {isa = PBXFileReference; lastKnownFileType = sourcecode.swift; path = API_chuckUITests.swift; sourceTree = "<group>"; };
		D6868D6E25F1EB93003EA034 /* Info.plist */ = {isa = PBXFileReference; lastKnownFileType = text.plist.xml; path = Info.plist; sourceTree = "<group>"; };
/* End PBXFileReference section */

/* Begin PBXFrameworksBuildPhase section */
		D6868D4425F1EB92003EA034 /* Frameworks */ = {
			isa = PBXFrameworksBuildPhase;
			buildActionMask = 2147483647;
			files = (
			);
			runOnlyForDeploymentPostprocessing = 0;
		};
		D6868D5A25F1EB93003EA034 /* Frameworks */ = {
			isa = PBXFrameworksBuildPhase;
			buildActionMask = 2147483647;
			files = (
			);
			runOnlyForDeploymentPostprocessing = 0;
		};
		D6868D6525F1EB93003EA034 /* Frameworks */ = {
			isa = PBXFrameworksBuildPhase;
			buildActionMask = 2147483647;
			files = (
			);
			runOnlyForDeploymentPostprocessing = 0;
		};
/* End PBXFrameworksBuildPhase section */

/* Begin PBXGroup section */
		D6868D3E25F1EB92003EA034 = {
			isa = PBXGroup;
			children = (
				D6868D4925F1EB92003EA034 /* API_chuck */,
				D6868D6025F1EB93003EA034 /* API_chuckTests */,
				D6868D6B25F1EB93003EA034 /* API_chuckUITests */,
				D6868D4825F1EB92003EA034 /* Products */,
			);
			sourceTree = "<group>";
		};
		D6868D4825F1EB92003EA034 /* Products */ = {
			isa = PBXGroup;
			children = (
				D6868D4725F1EB92003EA034 /* API_chuck.app */,
				D6868D5D25F1EB93003EA034 /* API_chuckTests.xctest */,
				D6868D6825F1EB93003EA034 /* API_chuckUITests.xctest */,
			);
			name = Products;
			sourceTree = "<group>";
		};
		D6868D4925F1EB92003EA034 /* API_chuck */ = {
			isa = PBXGroup;
			children = (
				D6868D4A25F1EB92003EA034 /* AppDelegate.swift */,
				D6868D4C25F1EB92003EA034 /* SceneDelegate.swift */,
				D6868D4E25F1EB92003EA034 /* ViewController.swift */,
				D6868D5025F1EB92003EA034 /* Main.storyboard */,
				D6868D5325F1EB93003EA034 /* Assets.xcassets */,
				D6868D5525F1EB93003EA034 /* LaunchScreen.storyboard */,
				D6868D5825F1EB93003EA034 /* Info.plist */,
			);
			path = API_chuck;
			sourceTree = "<group>";
		};
		D6868D6025F1EB93003EA034 /* API_chuckTests */ = {
			isa = PBXGroup;
			children = (
				D6868D6125F1EB93003EA034 /* API_chuckTests.swift */,
				D6868D6325F1EB93003EA034 /* Info.plist */,
			);
			path = API_chuckTests;
			sourceTree = "<group>";
		};
		D6868D6B25F1EB93003EA034 /* API_chuckUITests */ = {
			isa = PBXGroup;
			children = (
				D6868D6C25F1EB93003EA034 /* API_chuckUITests.swift */,
				D6868D6E25F1EB93003EA034 /* Info.plist */,
			);
			path = API_chuckUITests;
			sourceTree = "<group>";
		};
/* End PBXGroup section */

/* Begin PBXNativeTarget section */
		D6868D4625F1EB92003EA034 /* API_chuck */ = {
			isa = PBXNativeTarget;
			buildConfigurationList = D6868D7125F1EB93003EA034 /* Build configuration list for PBXNativeTarget "API_chuck" */;
			buildPhases = (
				D6868D4325F1EB92003EA034 /* Sources */,
				D6868D4425F1EB92003EA034 /* Frameworks */,
				D6868D4525F1EB92003EA034 /* Resources */,
			);
			buildRules = (
			);
			dependencies = (
			);
			name = API_chuck;
			productName = API_chuck;
			productReference = D6868D4725F1EB92003EA034 /* API_chuck.app */;
			productType = "com.apple.product-type.application";
		};
		D6868D5C25F1EB93003EA034 /* API_chuckTests */ = {
			isa = PBXNativeTarget;
			buildConfigurationList = D6868D7425F1EB93003EA034 /* Build configuration list for PBXNativeTarget "API_chuckTests" */;
			buildPhases = (
				D6868D5925F1EB93003EA034 /* Sources */,
				D6868D5A25F1EB93003EA034 /* Frameworks */,
				D6868D5B25F1EB93003EA034 /* Resources */,
			);
			buildRules = (
			);
			dependencies = (
				D6868D5F25F1EB93003EA034 /* PBXTargetDependency */,
			);
			name = API_chuckTests;
			productName = API_chuckTests;
			productReference = D6868D5D25F1EB93003EA034 /* API_chuckTests.xctest */;
			productType = "com.apple.product-type.bundle.unit-test";
		};
		D6868D6725F1EB93003EA034 /* API_chuckUITests */ = {
			isa = PBXNativeTarget;
			buildConfigurationList = D6868D7725F1EB93003EA034 /* Build configuration list for PBXNativeTarget "API_chuckUITests" */;
			buildPhases = (
				D6868D6425F1EB93003EA034 /* Sources */,
				D6868D6525F1EB93003EA034 /* Frameworks */,
				D6868D6625F1EB93003EA034 /* Resources */,
			);
			buildRules = (
			);
			dependencies = (
				D6868D6A25F1EB93003EA034 /* PBXTargetDependency */,
			);
			name = API_chuckUITests;
			productName = API_chuckUITests;
			productReference = D6868D6825F1EB93003EA034 /* API_chuckUITests.xctest */;
			productType = "com.apple.product-type.bundle.ui-testing";
		};
/* End PBXNativeTarget section */

/* Begin PBXProject section */
		D6868D3F25F1EB92003EA034 /* Project object */ = {
			isa = PBXProject;
			attributes = {
				LastSwiftUpdateCheck = 1240;
				LastUpgradeCheck = 1240;
				TargetAttributes = {
					D6868D4625F1EB92003EA034 = {
						CreatedOnToolsVersion = 12.4;
					};
					D6868D5C25F1EB93003EA034 = {
						CreatedOnToolsVersion = 12.4;
						TestTargetID = D6868D4625F1EB92003EA034;
					};
					D6868D6725F1EB93003EA034 = {
						CreatedOnToolsVersion = 12.4;
						TestTargetID = D6868D4625F1EB92003EA034;
					};
				};
			};
			buildConfigurationList = D6868D4225F1EB92003EA034 /* Build configuration list for PBXProject "API_chuck" */;
			compatibilityVersion = "Xcode 9.3";
			developmentRegion = en;
			hasScannedForEncodings = 0;
			knownRegions = (
				en,
				Base,
			);
			mainGroup = D6868D3E25F1EB92003EA034;
			productRefGroup = D6868D4825F1EB92003EA034 /* Products */;
			projectDirPath = "";
			projectRoot = "";
			targets = (
				D6868D4625F1EB92003EA034 /* API_chuck */,
				D6868D5C25F1EB93003EA034 /* API_chuckTests */,
				D6868D6725F1EB93003EA034 /* API_chuckUITests */,
			);
		};
/* End PBXProject section */

/* Begin PBXResourcesBuildPhase section */
		D6868D4525F1EB92003EA034 /* Resources */ = {
			isa = PBXResourcesBuildPhase;
			buildActionMask = 2147483647;
			files = (
				D6868D5725F1EB93003EA034 /* LaunchScreen.storyboard in Resources */,
				D6868D5425F1EB93003EA034 /* Assets.xcassets in Resources */,
				D6868D5225F1EB92003EA034 /* Main.storyboard in Resources */,
			);
			runOnlyForDeploymentPostprocessing = 0;
		};
		D6868D5B25F1EB93003EA034 /* Resources */ = {
			isa = PBXResourcesBuildPhase;
			buildActionMask = 2147483647;
			files = (
			);
			runOnlyForDeploymentPostprocessing = 0;
		};
		D6868D6625F1EB93003EA034 /* Resources */ = {
			isa = PBXResourcesBuildPhase;
			buildActionMask = 2147483647;
			files = (
			);
			runOnlyForDeploymentPostprocessing = 0;
		};
/* End PBXResourcesBuildPhase section */

/* Begin PBXSourcesBuildPhase section */
		D6868D4325F1EB92003EA034 /* Sources */ = {
			isa = PBXSourcesBuildPhase;
			buildActionMask = 2147483647;
			files = (
				D6868D4F25F1EB92003EA034 /* ViewController.swift in Sources */,
				D6868D4B25F1EB92003EA034 /* AppDelegate.swift in Sources */,
				D6868D4D25F1EB92003EA034 /* SceneDelegate.swift in Sources */,
			);
			runOnlyForDeploymentPostprocessing = 0;
		};
		D6868D5925F1EB93003EA034 /* Sources */ = {
			isa = PBXSourcesBuildPhase;
			buildActionMask = 2147483647;
			files = (
				D6868D6225F1EB93003EA034 /* API_chuckTests.swift in Sources */,
			);
			runOnlyForDeploymentPostprocessing = 0;
		};
		D6868D6425F1EB93003EA034 /* Sources */ = {
			isa = PBXSourcesBuildPhase;
			buildActionMask = 2147483647;
			files = (
				D6868D6D25F1EB93003EA034 /* API_chuckUITests.swift in Sources */,
			);
			runOnlyForDeploymentPostprocessing = 0;
		};
/* End PBXSourcesBuildPhase section */

/* Begin PBXTargetDependency section */
		D6868D5F25F1EB93003EA034 /* PBXTargetDependency */ = {
			isa = PBXTargetDependency;
			target = D6868D4625F1EB92003EA034 /* API_chuck */;
			targetProxy = D6868D5E25F1EB93003EA034 /* PBXContainerItemProxy */;
		};
		D6868D6A25F1EB93003EA034 /* PBXTargetDependency */ = {
			isa = PBXTargetDependency;
			target = D6868D4625F1EB92003EA034 /* API_chuck */;
			targetProxy = D6868D6925F1EB93003EA034 /* PBXContainerItemProxy */;
		};
/* End PBXTargetDependency section */

/* Begin PBXVariantGroup section */
		D6868D5025F1EB92003EA034 /* Main.storyboard */ = {
			isa = PBXVariantGroup;
			children = (
				D6868D5125F1EB92003EA034 /* Base */,
			);
			name = Main.storyboard;
			sourceTree = "<group>";
		};
		D6868D5525F1EB93003EA034 /* LaunchScreen.storyboard */ = {
			isa = PBXVariantGroup;
			children = (
				D6868D5625F1EB93003EA034 /* Base */,
			);
			name = LaunchScreen.storyboard;
			sourceTree = "<group>";
		};
/* End PBXVariantGroup section */

/* Begin XCBuildConfiguration section */
		D6868D6F25F1EB93003EA034 /* Debug */ = {
			isa = XCBuildConfiguration;
			buildSettings = {
				ALWAYS_SEARCH_USER_PATHS = NO;
				CLANG_ANALYZER_NONNULL = YES;
				CLANG_ANALYZER_NUMBER_OBJECT_CONVERSION = YES_AGGRESSIVE;
				CLANG_CXX_LANGUAGE_STANDARD = "gnu++14";
				CLANG_CXX_LIBRARY = "libc++";
				CLANG_ENABLE_MODULES = YES;
				CLANG_ENABLE_OBJC_ARC = YES;
				CLANG_ENABLE_OBJC_WEAK = YES;
				CLANG_WARN_BLOCK_CAPTURE_AUTORELEASING = YES;
				CLANG_WARN_BOOL_CONVERSION = YES;
				CLANG_WARN_COMMA = YES;
				CLANG_WARN_CONSTANT_CONVERSION = YES;
				CLANG_WARN_DEPRECATED_OBJC_IMPLEMENTATIONS = YES;
				CLANG_WARN_DIRECT_OBJC_ISA_USAGE = YES_ERROR;
				CLANG_WARN_DOCUMENTATION_COMMENTS = YES;
				CLANG_WARN_EMPTY_BODY = YES;
				CLANG_WARN_ENUM_CONVERSION = YES;
				CLANG_WARN_INFINITE_RECURSION = YES;
				CLANG_WARN_INT_CONVERSION = YES;
				CLANG_WARN_NON_LITERAL_NULL_CONVERSION = YES;
				CLANG_WARN_OBJC_IMPLICIT_RETAIN_SELF = YES;
				CLANG_WARN_OBJC_LITERAL_CONVERSION = YES;
				CLANG_WARN_OBJC_ROOT_CLASS = YES_ERROR;
				CLANG_WARN_QUOTED_INCLUDE_IN_FRAMEWORK_HEADER = YES;
				CLANG_WARN_RANGE_LOOP_ANALYSIS = YES;
				CLANG_WARN_STRICT_PROTOTYPES = YES;
				CLANG_WARN_SUSPICIOUS_MOVE = YES;
				CLANG_WARN_UNGUARDED_AVAILABILITY = YES_AGGRESSIVE;
				CLANG_WARN_UNREACHABLE_CODE = YES;
				CLANG_WARN__DUPLICATE_METHOD_MATCH = YES;
				COPY_PHASE_STRIP = NO;
				DEBUG_INFORMATION_FORMAT = dwarf;
				ENABLE_STRICT_OBJC_MSGSEND = YES;
				ENABLE_TESTABILITY = YES;
				GCC_C_LANGUAGE_STANDARD = gnu11;
				GCC_DYNAMIC_NO_PIC = NO;
				GCC_NO_COMMON_BLOCKS = YES;
				GCC_OPTIMIZATION_LEVEL = 0;
				GCC_PREPROCESSOR_DEFINITIONS = (
					"DEBUG=1",
					"$(inherited)",
				);
				GCC_WARN_64_TO_32_BIT_CONVERSION = YES;
				GCC_WARN_ABOUT_RETURN_TYPE = YES_ERROR;
				GCC_WARN_UNDECLARED_SELECTOR = YES;
				GCC_WARN_UNINITIALIZED_AUTOS = YES_AGGRESSIVE;
				GCC_WARN_UNUSED_FUNCTION = YES;
				GCC_WARN_UNUSED_VARIABLE = YES;
				IPHONEOS_DEPLOYMENT_TARGET = 14.4;
				MTL_ENABLE_DEBUG_INFO = INCLUDE_SOURCE;
				MTL_FAST_MATH = YES;
				ONLY_ACTIVE_ARCH = YES;
				SDKROOT = iphoneos;
				SWIFT_ACTIVE_COMPILATION_CONDITIONS = DEBUG;
				SWIFT_OPTIMIZATION_LEVEL = "-Onone";
			};
			name = Debug;
		};
		D6868D7025F1EB93003EA034 /* Release */ = {
			isa = XCBuildConfiguration;
			buildSettings = {
				ALWAYS_SEARCH_USER_PATHS = NO;
				CLANG_ANALYZER_NONNULL = YES;
				CLANG_ANALYZER_NUMBER_OBJECT_CONVERSION = YES_AGGRESSIVE;
				CLANG_CXX_LANGUAGE_STANDARD = "gnu++14";
				CLANG_CXX_LIBRARY = "libc++";
				CLANG_ENABLE_MODULES = YES;
				CLANG_ENABLE_OBJC_ARC = YES;
				CLANG_ENABLE_OBJC_WEAK = YES;
				CLANG_WARN_BLOCK_CAPTURE_AUTORELEASING = YES;
				CLANG_WARN_BOOL_CONVERSION = YES;
				CLANG_WARN_COMMA = YES;
				CLANG_WARN_CONSTANT_CONVERSION = YES;
				CLANG_WARN_DEPRECATED_OBJC_IMPLEMENTATIONS = YES;
				CLANG_WARN_DIRECT_OBJC_ISA_USAGE = YES_ERROR;
				CLANG_WARN_DOCUMENTATION_COMMENTS = YES;
				CLANG_WARN_EMPTY_BODY = YES;
				CLANG_WARN_ENUM_CONVERSION = YES;
				CLANG_WARN_INFINITE_RECURSION = YES;
				CLANG_WARN_INT_CONVERSION = YES;
				CLANG_WARN_NON_LITERAL_NULL_CONVERSION = YES;
				CLANG_WARN_OBJC_IMPLICIT_RETAIN_SELF = YES;
				CLANG_WARN_OBJC_LITERAL_CONVERSION = YES;
				CLANG_WARN_OBJC_ROOT_CLASS = YES_ERROR;
				CLANG_WARN_QUOTED_INCLUDE_IN_FRAMEWORK_HEADER = YES;
				CLANG_WARN_RANGE_LOOP_ANALYSIS = YES;
				CLANG_WARN_STRICT_PROTOTYPES = YES;
				CLANG_WARN_SUSPICIOUS_MOVE = YES;
				CLANG_WARN_UNGUARDED_AVAILABILITY = YES_AGGRESSIVE;
				CLANG_WARN_UNREACHABLE_CODE = YES;
				CLANG_WARN__DUPLICATE_METHOD_MATCH = YES;
				COPY_PHASE_STRIP = NO;
				DEBUG_INFORMATION_FORMAT = "dwarf-with-dsym";
				ENABLE_NS_ASSERTIONS = NO;
				ENABLE_STRICT_OBJC_MSGSEND = YES;
				GCC_C_LANGUAGE_STANDARD = gnu11;
				GCC_NO_COMMON_BLOCKS = YES;
				GCC_WARN_64_TO_32_BIT_CONVERSION = YES;
				GCC_WARN_ABOUT_RETURN_TYPE = YES_ERROR;
				GCC_WARN_UNDECLARED_SELECTOR = YES;
				GCC_WARN_UNINITIALIZED_AUTOS = YES_AGGRESSIVE;
				GCC_WARN_UNUSED_FUNCTION = YES;
				GCC_WARN_UNUSED_VARIABLE = YES;
				IPHONEOS_DEPLOYMENT_TARGET = 14.4;
				MTL_ENABLE_DEBUG_INFO = NO;
				MTL_FAST_MATH = YES;
				SDKROOT = iphoneos;
				SWIFT_COMPILATION_MODE = wholemodule;
				SWIFT_OPTIMIZATION_LEVEL = "-O";
				VALIDATE_PRODUCT = YES;
			};
			name = Release;
		};
		D6868D7225F1EB93003EA034 /* Debug */ = {
			isa = XCBuildConfiguration;
			buildSettings = {
				ASSETCATALOG_COMPILER_APPICON_NAME = AppIcon;
				ASSETCATALOG_COMPILER_GLOBAL_ACCENT_COLOR_NAME = AccentColor;
				CODE_SIGN_STYLE = Automatic;
				DEVELOPMENT_TEAM = 7RU6R4HYX5;
				INFOPLIST_FILE = API_chuck/Info.plist;
				LD_RUNPATH_SEARCH_PATHS = (
					"$(inherited)",
					"@executable_path/Frameworks",
				);
				PRODUCT_BUNDLE_IDENTIFIER = "test.API-chuck";
				PRODUCT_NAME = "$(TARGET_NAME)";
				SWIFT_VERSION = 5.0;
				TARGETED_DEVICE_FAMILY = "1,2";
			};
			name = Debug;
		};
		D6868D7325F1EB93003EA034 /* Release */ = {
			isa = XCBuildConfiguration;
			buildSettings = {
				ASSETCATALOG_COMPILER_APPICON_NAME = AppIcon;
				ASSETCATALOG_COMPILER_GLOBAL_ACCENT_COLOR_NAME = AccentColor;
				CODE_SIGN_STYLE = Automatic;
				DEVELOPMENT_TEAM = 7RU6R4HYX5;
				INFOPLIST_FILE = API_chuck/Info.plist;
				LD_RUNPATH_SEARCH_PATHS = (
					"$(inherited)",
					"@executable_path/Frameworks",
				);
				PRODUCT_BUNDLE_IDENTIFIER = "test.API-chuck";
				PRODUCT_NAME = "$(TARGET_NAME)";
				SWIFT_VERSION = 5.0;
				TARGETED_DEVICE_FAMILY = "1,2";
			};
			name = Release;
		};
		D6868D7525F1EB93003EA034 /* Debug */ = {
			isa = XCBuildConfiguration;
			buildSettings = {
				ALWAYS_EMBED_SWIFT_STANDARD_LIBRARIES = YES;
				BUNDLE_LOADER = "$(TEST_HOST)";
				CODE_SIGN_STYLE = Automatic;
				DEVELOPMENT_TEAM = 7RU6R4HYX5;
				INFOPLIST_FILE = API_chuckTests/Info.plist;
				IPHONEOS_DEPLOYMENT_TARGET = 14.4;
				LD_RUNPATH_SEARCH_PATHS = (
					"$(inherited)",
					"@executable_path/Frameworks",
					"@loader_path/Frameworks",
				);
				PRODUCT_BUNDLE_IDENTIFIER = "test.API-chuckTests";
				PRODUCT_NAME = "$(TARGET_NAME)";
				SWIFT_VERSION = 5.0;
				TARGETED_DEVICE_FAMILY = "1,2";
				TEST_HOST = "$(BUILT_PRODUCTS_DIR)/API_chuck.app/API_chuck";
			};
			name = Debug;
		};
		D6868D7625F1EB93003EA034 /* Release */ = {
			isa = XCBuildConfiguration;
			buildSettings = {
				ALWAYS_EMBED_SWIFT_STANDARD_LIBRARIES = YES;
				BUNDLE_LOADER = "$(TEST_HOST)";
				CODE_SIGN_STYLE = Automatic;
				DEVELOPMENT_TEAM = 7RU6R4HYX5;
				INFOPLIST_FILE = API_chuckTests/Info.plist;
				IPHONEOS_DEPLOYMENT_TARGET = 14.4;
				LD_RUNPATH_SEARCH_PATHS = (
					"$(inherited)",
					"@executable_path/Frameworks",
					"@loader_path/Frameworks",
				);
				PRODUCT_BUNDLE_IDENTIFIER = "test.API-chuckTests";
				PRODUCT_NAME = "$(TARGET_NAME)";
				SWIFT_VERSION = 5.0;
				TARGETED_DEVICE_FAMILY = "1,2";
				TEST_HOST = "$(BUILT_PRODUCTS_DIR)/API_chuck.app/API_chuck";
			};
			name = Release;
		};
		D6868D7825F1EB93003EA034 /* Debug */ = {
			isa = XCBuildConfiguration;
			buildSettings = {
				ALWAYS_EMBED_SWIFT_STANDARD_LIBRARIES = YES;
				CODE_SIGN_STYLE = Automatic;
				DEVELOPMENT_TEAM = 7RU6R4HYX5;
				INFOPLIST_FILE = API_chuckUITests/Info.plist;
				LD_RUNPATH_SEARCH_PATHS = (
					"$(inherited)",
					"@executable_path/Frameworks",
					"@loader_path/Frameworks",
				);
				PRODUCT_BUNDLE_IDENTIFIER = "test.API-chuckUITests";
				PRODUCT_NAME = "$(TARGET_NAME)";
				SWIFT_VERSION = 5.0;
				TARGETED_DEVICE_FAMILY = "1,2";
				TEST_TARGET_NAME = API_chuck;
			};
			name = Debug;
		};
		D6868D7925F1EB93003EA034 /* Release */ = {
			isa = XCBuildConfiguration;
			buildSettings = {
				ALWAYS_EMBED_SWIFT_STANDARD_LIBRARIES = YES;
				CODE_SIGN_STYLE = Automatic;
				DEVELOPMENT_TEAM = 7RU6R4HYX5;
				INFOPLIST_FILE = API_chuckUITests/Info.plist;
				LD_RUNPATH_SEARCH_PATHS = (
					"$(inherited)",
					"@executable_path/Frameworks",
					"@loader_path/Frameworks",
				);
				PRODUCT_BUNDLE_IDENTIFIER = "test.API-chuckUITests";
				PRODUCT_NAME = "$(TARGET_NAME)";
				SWIFT_VERSION = 5.0;
				TARGETED_DEVICE_FAMILY = "1,2";
				TEST_TARGET_NAME = API_chuck;
			};
			name = Release;
		};
/* End XCBuildConfiguration section */

/* Begin XCConfigurationList section */
		D6868D4225F1EB92003EA034 /* Build configuration list for PBXProject "API_chuck" */ = {
			isa = XCConfigurationList;
			buildConfigurations = (
				D6868D6F25F1EB93003EA034 /* Debug */,
				D6868D7025F1EB93003EA034 /* Release */,
			);
			defaultConfigurationIsVisible = 0;
			defaultConfigurationName = Release;
		};
		D6868D7125F1EB93003EA034 /* Build configuration list for PBXNativeTarget "API_chuck" */ = {
			isa = XCConfigurationList;
			buildConfigurations = (
				D6868D7225F1EB93003EA034 /* Debug */,
				D6868D7325F1EB93003EA034 /* Release */,
			);
			defaultConfigurationIsVisible = 0;
			defaultConfigurationName = Release;
		};
		D6868D7425F1EB93003EA034 /* Build configuration list for PBXNativeTarget "API_chuckTests" */ = {
			isa = XCConfigurationList;
			buildConfigurations = (
				D6868D7525F1EB93003EA034 /* Debug */,
				D6868D7625F1EB93003EA034 /* Release */,
			);
			defaultConfigurationIsVisible = 0;
			defaultConfigurationName = Release;
		};
		D6868D7725F1EB93003EA034 /* Build configuration list for PBXNativeTarget "API_chuckUITests" */ = {
			isa = XCConfigurationList;
			buildConfigurations = (
				D6868D7825F1EB93003EA034 /* Debug */,
				D6868D7925F1EB93003EA034 /* Release */,
			);
			defaultConfigurationIsVisible = 0;
			defaultConfigurationName = Release;
		};
/* End XCConfigurationList section */
	};
	rootObject = D6868D3F25F1EB92003EA034 /* Project object */;
}
